{
  "requires": true,
  "lockfileVersion": 1,
  "dependencies": {
    "@ngui/map": {
      "version": "0.18.6",
      "resolved": "https://registry.npmjs.org/@ngui/map/-/map-0.18.6.tgz",
      "integrity": "sha1-oTRevGc3soZStIWdG1ZTpkrOWfc=",
      "requires": {
        "tslib": "1.7.1"
      }
    },
    "@types/googlemaps": {
      "version": "3.26.20",
      "resolved": "https://registry.npmjs.org/@types/googlemaps/-/googlemaps-3.26.20.tgz",
      "integrity": "sha512-ei0gGI3ioFYjshbcSJZlk99vrVB7EjqLQCT5ymlm72l201b5ExvoTrk2wgq1pwG/531idUeJGkaTr6Vap3AIXA=="
    },
    "tslib": {
      "version": "1.7.1",
      "resolved": "https://registry.npmjs.org/tslib/-/tslib-1.7.1.tgz",
      "integrity": "sha1-vIAEFkaRkjp5/oN4u+s9ogF1OOw="
    }
  }
}
